# @generated by Move, please check-in and do not edit manually.

[move]
version = 3
manifest_digest = "31BAD7A4CF12C1753A5C5BE6E772011E196BFE52688188073C052145D5291D13"
deps_digest = "F8BBB0CCB2491CA29A3DF03D6F92277A4F3574266507ACD77214D37ECA3F3082"
dependencies = [
  { id = "Sui", name = "Sui" },
]

[[move.package]]
id = "MoveStdlib"
source = { git = "https://github.com/MystenLabs/sui.git", rev = "framework/testnet", subdir = "crates/sui-framework/packages/move-stdlib" }

[[move.package]]
id = "Sui"
source = { git = "https://github.com/MystenLabs/sui.git", rev = "framework/testnet", subdir = "crates/sui-framework/packages/sui-framework" }

dependencies = [
  { id = "MoveStdlib", name = "MoveStdlib" },
]

[move.toolchain-version]
compiler-version = "1.35.0"
edition = "2024.beta"
flavor = "sui"

[env]

[env.testnet]
chain-id = "4c78adac"
original-published-id = "0xa85c6cc78f5723759ecb5568f625a9cd2315fedec651017af1508496994e0f29"
latest-published-id = "0xa85c6cc78f5723759ecb5568f625a9cd2315fedec651017af1508496994e0f29"
published-version = "1"
